
Microsoft Visual Studio Solution File, Format Version 12.00
# Visual Studio Version 17
VisualStudioVersion = 17.9.34622.214
MinimumVisualStudioVersion = 10.0.40219.1
Project("{FAE04EC0-301F-11D3-BF4B-00C04F79EFBC}") = "KoiDeliveryOrderSystem", "KoiDeliveryOrderSystem\KoiDeliveryOrderSystem.csproj", "{6AEE67C5-1712-42E5-B910-C4C3DCA3299A}"
EndProject
Global
	GlobalSection(SolutionConfigurationPlatforms) = preSolution
		Debug|Any CPU = Debug|Any CPU
		Release|Any CPU = Release|Any CPU
	EndGlobalSection
	GlobalSection(ProjectConfigurationPlatforms) = postSolution
		{6AEE67C5-1712-42E5-B910-C4C3DCA3299A}.Debug|Any CPU.ActiveCfg = Debug|Any CPU
		{6AEE67C5-1712-42E5-B910-C4C3DCA3299A}.Debug|Any CPU.Build.0 = Debug|Any CPU
		{6AEE67C5-1712-42E5-B910-C4C3DCA3299A}.Release|Any CPU.ActiveCfg = Release|Any CPU
		{6AEE67C5-1712-42E5-B910-C4C3DCA3299A}.Release|Any CPU.Build.0 = Release|Any CPU
	EndGlobalSection
	GlobalSection(SolutionProperties) = preSolution
		HideSolutionNode = FALSE
	EndGlobalSection
	GlobalSection(ExtensibilityGlobals) = postSolution
		SolutionGuid = {B5EE86F9-1496-4A25-BFAA-F0B4D3CD65B7}
	EndGlobalSection
EndGlobal
